
Microsoft Visual Studio Solution File, Format Version 12.00
# Visual Studio Version 16
VisualStudioVersion = 16.0.29123.88
MinimumVisualStudioVersion = 10.0.40219.1
Project("{FAE04EC0-301F-11D3-BF4B-00C04F79EFBC}") = "AutocompleteEditorAllowSettingNewValues", "AutocompleteEditorAllowSettingNewValues\AutocompleteEditorAllowSettingNewValues.csproj", "{884CA011-92E5-428B-BBCD-6DCA7E3C6739}"
EndProject
Global
	GlobalSection(SolutionConfigurationPlatforms) = preSolution
		Debug|Any CPU = Debug|Any CPU
		Release|Any CPU = Release|Any CPU
	EndGlobalSection
	GlobalSection(ProjectConfigurationPlatforms) = postSolution
		{884CA011-92E5-428B-BBCD-6DCA7E3C6739}.Debug|Any CPU.ActiveCfg = Debug|Any CPU
		{884CA011-92E5-428B-BBCD-6DCA7E3C6739}.Debug|Any CPU.Build.0 = Debug|Any CPU
		{884CA011-92E5-428B-BBCD-6DCA7E3C6739}.Release|Any CPU.ActiveCfg = Release|Any CPU
		{884CA011-92E5-428B-BBCD-6DCA7E3C6739}.Release|Any CPU.Build.0 = Release|Any CPU
	EndGlobalSection
	GlobalSection(SolutionProperties) = preSolution
		HideSolutionNode = FALSE
	EndGlobalSection
	GlobalSection(ExtensibilityGlobals) = postSolution
		SolutionGuid = {B728C91F-9474-489D-B6C5-CC9A97E8B667}
	EndGlobalSection
EndGlobal
