
Microsoft Visual Studio Solution File, Format Version 12.00
# Visual Studio Version 16
VisualStudioVersion = 16.0.29123.88
MinimumVisualStudioVersion = 10.0.40219.1
Project("{FAE04EC0-301F-11D3-BF4B-00C04F79EFBC}") = "WebApplication1", "WebApplication1\WebApplication1.csproj", "{CC4C1CE4-B84F-4888-963B-A283B9AA7B91}"
EndProject
Global
	GlobalSection(SolutionConfigurationPlatforms) = preSolution
		Debug|Any CPU = Debug|Any CPU
		Release|Any CPU = Release|Any CPU
	EndGlobalSection
	GlobalSection(ProjectConfigurationPlatforms) = postSolution
		{CC4C1CE4-B84F-4888-963B-A283B9AA7B91}.Debug|Any CPU.ActiveCfg = Debug|Any CPU
		{CC4C1CE4-B84F-4888-963B-A283B9AA7B91}.Debug|Any CPU.Build.0 = Debug|Any CPU
		{CC4C1CE4-B84F-4888-963B-A283B9AA7B91}.Release|Any CPU.ActiveCfg = Release|Any CPU
		{CC4C1CE4-B84F-4888-963B-A283B9AA7B91}.Release|Any CPU.Build.0 = Release|Any CPU
	EndGlobalSection
	GlobalSection(SolutionProperties) = preSolution
		HideSolutionNode = FALSE
	EndGlobalSection
	GlobalSection(ExtensibilityGlobals) = postSolution
		SolutionGuid = {F3DFBDF1-1922-470A-8262-86A3F6B0B7F1}
	EndGlobalSection
EndGlobal
