
Microsoft Visual Studio Solution File, Format Version 12.00
# Visual Studio Version 16
VisualStudioVersion = 16.0.29009.5
MinimumVisualStudioVersion = 10.0.40219.1
Project("{FAE04EC0-301F-11D3-BF4B-00C04F79EFBC}") = "EditorContentSaveInDB", "EditorContentSaveInDB\EditorContentSaveInDB.csproj", "{E2F0A100-D92A-43E6-A9F3-3353EC0C6654}"
EndProject
Project("{2150E333-8FDC-42A3-9474-1A3956D46DE8}") = "Solution Items", "Solution Items", "{11B2717D-1FF1-49F7-9A04-EB0EADF9735A}"
	ProjectSection(SolutionItems) = preProject
		global.json = global.json
	EndProjectSection
EndProject
Global
	GlobalSection(SolutionConfigurationPlatforms) = preSolution
		Debug|Any CPU = Debug|Any CPU
		Release|Any CPU = Release|Any CPU
	EndGlobalSection
	GlobalSection(ProjectConfigurationPlatforms) = postSolution
		{E2F0A100-D92A-43E6-A9F3-3353EC0C6654}.Debug|Any CPU.ActiveCfg = Debug|Any CPU
		{E2F0A100-D92A-43E6-A9F3-3353EC0C6654}.Debug|Any CPU.Build.0 = Debug|Any CPU
		{E2F0A100-D92A-43E6-A9F3-3353EC0C6654}.Release|Any CPU.ActiveCfg = Release|Any CPU
		{E2F0A100-D92A-43E6-A9F3-3353EC0C6654}.Release|Any CPU.Build.0 = Release|Any CPU
	EndGlobalSection
	GlobalSection(SolutionProperties) = preSolution
		HideSolutionNode = FALSE
	EndGlobalSection
	GlobalSection(ExtensibilityGlobals) = postSolution
		SolutionGuid = {9822D858-E67D-45E5-96D0-DBA74E6BAC3F}
	EndGlobalSection
EndGlobal
