
Microsoft Visual Studio Solution File, Format Version 12.00
# Visual Studio 15
VisualStudioVersion = 15.0.27703.2035
MinimumVisualStudioVersion = 10.0.40219.1
Project("{FAE04EC0-301F-11D3-BF4B-00C04F79EFBC}") = "src", "src\GridRazorPagesApp.csproj", "{D65F7873-2076-4821-BCAE-F1B328395827}"
EndProject
Global
	GlobalSection(SolutionConfigurationPlatforms) = preSolution
		Debug|Any CPU = Debug|Any CPU
		Release|Any CPU = Release|Any CPU
	EndGlobalSection
	GlobalSection(ProjectConfigurationPlatforms) = postSolution
		{D65F7873-2076-4821-BCAE-F1B328395827}.Debug|Any CPU.ActiveCfg = Debug|Any CPU
		{D65F7873-2076-4821-BCAE-F1B328395827}.Debug|Any CPU.Build.0 = Debug|Any CPU
		{D65F7873-2076-4821-BCAE-F1B328395827}.Release|Any CPU.ActiveCfg = Release|Any CPU
		{D65F7873-2076-4821-BCAE-F1B328395827}.Release|Any CPU.Build.0 = Release|Any CPU
	EndGlobalSection
	GlobalSection(SolutionProperties) = preSolution
		HideSolutionNode = FALSE
	EndGlobalSection
	GlobalSection(ExtensibilityGlobals) = postSolution
		SolutionGuid = {12BC3D49-4410-49A8-8C60-929185AFD9A0}
	EndGlobalSection
EndGlobal
