
Microsoft Visual Studio Solution File, Format Version 12.00
# Visual Studio Version 16
VisualStudioVersion = 16.0.29319.158
MinimumVisualStudioVersion = 10.0.40219.1
Project("{9A19103F-16F7-4668-BE54-9A1E7A4F7556}") = "Telerik.Examples.RazorPages", "Telerik.Examples.RazorPages\Telerik.Examples.RazorPages.csproj", "{FFC156D3-922F-4A61-A7C0-154D8ECF3F69}"
EndProject
Global
	GlobalSection(SolutionConfigurationPlatforms) = preSolution
		Debug|Any CPU = Debug|Any CPU
		Release|Any CPU = Release|Any CPU
	EndGlobalSection
	GlobalSection(ProjectConfigurationPlatforms) = postSolution
		{FFC156D3-922F-4A61-A7C0-154D8ECF3F69}.Debug|Any CPU.ActiveCfg = Debug|Any CPU
		{FFC156D3-922F-4A61-A7C0-154D8ECF3F69}.Debug|Any CPU.Build.0 = Debug|Any CPU
		{FFC156D3-922F-4A61-A7C0-154D8ECF3F69}.Release|Any CPU.ActiveCfg = Release|Any CPU
		{FFC156D3-922F-4A61-A7C0-154D8ECF3F69}.Release|Any CPU.Build.0 = Release|Any CPU
	EndGlobalSection
	GlobalSection(SolutionProperties) = preSolution
		HideSolutionNode = FALSE
	EndGlobalSection
	GlobalSection(ExtensibilityGlobals) = postSolution
		SolutionGuid = {783FB8D2-4983-426A-9954-99C0E2888E0E}
	EndGlobalSection
EndGlobal
