
Microsoft Visual Studio Solution File, Format Version 12.00
# Visual Studio Version 17
VisualStudioVersion = 17.4.33103.184
MinimumVisualStudioVersion = 10.0.40219.1
Project("{FAE04EC0-301F-11D3-BF4B-00C04F79EFBC}") = "Telerik.Examples.ContentSecurityPolicy", "Telerik.Examples.ContentSecurityPolicy.csproj", "{A3D2A91C-53DE-4432-AF40-118280ADE0E0}"
EndProject
Project("{2150E333-8FDC-42A3-9474-1A3956D46DE8}") = "Solution Items", "Solution Items", "{30338D9A-10C9-41AE-B10B-44530E514547}"
	ProjectSection(SolutionItems) = preProject
		global.json = global.json
	EndProjectSection
EndProject
Global
	GlobalSection(SolutionConfigurationPlatforms) = preSolution
		Debug|Any CPU = Debug|Any CPU
		Release|Any CPU = Release|Any CPU
	EndGlobalSection
	GlobalSection(ProjectConfigurationPlatforms) = postSolution
		{A3D2A91C-53DE-4432-AF40-118280ADE0E0}.Debug|Any CPU.ActiveCfg = Debug|Any CPU
		{A3D2A91C-53DE-4432-AF40-118280ADE0E0}.Debug|Any CPU.Build.0 = Debug|Any CPU
		{A3D2A91C-53DE-4432-AF40-118280ADE0E0}.Release|Any CPU.ActiveCfg = Release|Any CPU
		{A3D2A91C-53DE-4432-AF40-118280ADE0E0}.Release|Any CPU.Build.0 = Release|Any CPU
	EndGlobalSection
	GlobalSection(SolutionProperties) = preSolution
		HideSolutionNode = FALSE
	EndGlobalSection
	GlobalSection(ExtensibilityGlobals) = postSolution
		SolutionGuid = {D3BE1118-7CAF-42B6-801C-DB18232789C8}
	EndGlobalSection
EndGlobal
